// !$*UTF8*$!
{
    archiveVersion = 1;
    classes = {};
    objectVersion = 77;
    objects = {
        A00000000000000000000001 = {
            isa = PBXProject;
            attributes = { BuildIndependentTargetsInParallel = YES; LastUpgradeCheck = 1600; };
            buildConfigurationList = A00000000000000000000010;
            compatibilityVersion = "Xcode 16.0";
            developmentRegion = en;
            hasScannedForEncodings = 0;
            knownRegions = (en, Base);
            mainGroup = A00000000000000000000002;
            productRefGroup = A00000000000000000000003;
            projectDirPath = "";
            projectRoot = "";
            packageReferences = (A00000000000000000000020);
            targets = (A00000000000000000000005);
        };
        A00000000000000000000002 = {
            isa = PBXGroup;
            children = (A00000000000000000000004, A00000000000000000000009, A00000000000000000000023, A00000000000000000000003);
            sourceTree = "<group>";
        };
        A00000000000000000000003 = {
            isa = PBXGroup;
            children = (A00000000000000000000006);
            name = Products;
            sourceTree = "<group>";
        };
        A00000000000000000000004 = {
            isa = PBXFileSystemSynchronizedRootGroup;
            path = FrogApp;
            sourceTree = "<group>";
        };
        A00000000000000000000005 = {
            isa = PBXNativeTarget;
            buildConfigurationList = A00000000000000000000011;
            buildPhases = (A00000000000000000000007, A00000000000000000000008, A00000000000000000000025);
            buildRules = ();
            dependencies = ();
            fileSystemSynchronizedGroups = (A00000000000000000000004);
            name = Frog;
            packageProductDependencies = (A00000000000000000000021);
            productName = Frog;
            productReference = A00000000000000000000006;
            productType = "com.apple.product-type.application";
        };
        A00000000000000000000006 = { isa = PBXFileReference; explicitFileType = wrapper.application; includeInIndex = 0; path = Frog.app; sourceTree = BUILT_PRODUCTS_DIR; };
        A00000000000000000000007 = { isa = PBXSourcesBuildPhase; buildActionMask = 2147483647; files = (); runOnlyForDeploymentPostprocessing = 0; };
        A00000000000000000000008 = { isa = PBXFrameworksBuildPhase; buildActionMask = 2147483647; files = (A00000000000000000000022); runOnlyForDeploymentPostprocessing = 0; };
        A00000000000000000000009 = { isa = PBXFileReference; lastKnownFileType = text.plist.xml; path = Info.plist; sourceTree = "<group>"; };
        A00000000000000000000010 = { isa = XCConfigurationList; buildConfigurations = (A00000000000000000000012, A00000000000000000000013); defaultConfigurationIsVisible = 0; defaultConfigurationName = Release; };
        A00000000000000000000011 = { isa = XCConfigurationList; buildConfigurations = (A00000000000000000000014, A00000000000000000000015); defaultConfigurationIsVisible = 0; defaultConfigurationName = Release; };
        A00000000000000000000012 = { isa = XCBuildConfiguration; name = Debug; buildSettings = { SDKROOT = macosx; MACOSX_DEPLOYMENT_TARGET = 14.0; ONLY_ACTIVE_ARCH = YES; SWIFT_VERSION = 5.0; SWIFT_OPTIMIZATION_LEVEL = "-Onone"; DEBUG_INFORMATION_FORMAT = dwarf; ENABLE_TESTABILITY = YES; SWIFT_ACTIVE_COMPILATION_CONDITIONS = DEBUG; CLANG_ENABLE_MODULES = YES; }; };
        A00000000000000000000013 = { isa = XCBuildConfiguration; name = Release; buildSettings = { SDKROOT = macosx; MACOSX_DEPLOYMENT_TARGET = 14.0; SWIFT_VERSION = 5.0; SWIFT_COMPILATION_MODE = wholemodule; DEBUG_INFORMATION_FORMAT = "dwarf-with-dsym"; CLANG_ENABLE_MODULES = YES; }; };
        A00000000000000000000014 = { isa = XCBuildConfiguration; name = Debug; buildSettings = { PRODUCT_NAME = Frog; PRODUCT_BUNDLE_IDENTIFIER = xyz.beffa.frog; INFOPLIST_FILE = Info.plist; GENERATE_INFOPLIST_FILE = NO; ENABLE_APP_SANDBOX = NO; ENABLE_HARDENED_RUNTIME = YES; CODE_SIGN_STYLE = Manual; CODE_SIGN_IDENTITY = "-"; COMBINE_HIDPI_IMAGES = YES; LD_RUNPATH_SEARCH_PATHS = ("$(inherited)", "@executable_path/../Frameworks"); }; };
        A00000000000000000000015 = { isa = XCBuildConfiguration; name = Release; buildSettings = { PRODUCT_NAME = Frog; PRODUCT_BUNDLE_IDENTIFIER = xyz.beffa.frog; INFOPLIST_FILE = Info.plist; GENERATE_INFOPLIST_FILE = NO; ENABLE_APP_SANDBOX = NO; ENABLE_HARDENED_RUNTIME = YES; CODE_SIGN_STYLE = Manual; CODE_SIGN_IDENTITY = "-"; COMBINE_HIDPI_IMAGES = YES; LD_RUNPATH_SEARCH_PATHS = ("$(inherited)", "@executable_path/../Frameworks"); }; };
        A00000000000000000000020 = { isa = XCLocalSwiftPackageReference; relativePath = ..; };
        A00000000000000000000021 = { isa = XCSwiftPackageProductDependency; package = A00000000000000000000020; productName = FrogCore; };
        A00000000000000000000022 = { isa = PBXBuildFile; productRef = A00000000000000000000021; };
        A00000000000000000000023 = { isa = PBXFileReference; lastKnownFileType = image.icns; path = Resources/Frog.icns; sourceTree = "<group>"; };
        A00000000000000000000024 = { isa = PBXBuildFile; fileRef = A00000000000000000000023; };
        A00000000000000000000025 = { isa = PBXResourcesBuildPhase; buildActionMask = 2147483647; files = (A00000000000000000000024); runOnlyForDeploymentPostprocessing = 0; };
    };
    rootObject = A00000000000000000000001;
}
